// !$*UTF8*$!
{
	archiveVersion = 1;
	classes = {
	};
	objectVersion = 46;
	objects = {

/* Begin PBXBuildFile section */
		622C5DD51E88432B0014E38A /* AppDelegate.swift in Sources */ = {isa = PBXBuildFile; fileRef = 622C5DD41E88432B0014E38A /* AppDelegate.swift */; };
		622C5DD71E88432B0014E38A /* ViewController.swift in Sources */ = {isa = PBXBuildFile; fileRef = 622C5DD61E88432B0014E38A /* ViewController.swift */; };
		622C5DDA1E88432B0014E38A /* Main.storyboard in Resources */ = {isa = PBXBuildFile; fileRef = 622C5DD81E88432B0014E38A /* Main.storyboard */; };
		622C5DDC1E88432B0014E38A /* Assets.xcassets in Resources */ = {isa = PBXBuildFile; fileRef = 622C5DDB1E88432B0014E38A /* Assets.xcassets */; };
		622C5DDF1E88432B0014E38A /* LaunchScreen.storyboard in Resources */ = {isa = PBXBuildFile; fileRef = 622C5DDD1E88432B0014E38A /* LaunchScreen.storyboard */; };
/* End PBXBuildFile section */

/* Begin PBXFileReference section */
		622C5DD11E88432B0014E38A /* MyInstagram.app */ = {isa = PBXFileReference; explicitFileType = wrapper.application; includeInIndex = 0; path = MyInstagram.app; sourceTree = BUILT_PRODUCTS_DIR; };
		622C5DD41E88432B0014E38A /* AppDelegate.swift */ = {isa = PBXFileReference; lastKnownFileType = sourcecode.swift; path = AppDelegate.swift; sourceTree = "<group>"; };
		622C5DD61E88432B0014E38A /* ViewController.swift */ = {isa = PBXFileReference; lastKnownFileType = sourcecode.swift; path = ViewController.swift; sourceTree = "<group>"; };
		622C5DD91E88432B0014E38A /* Base */ = {isa = PBXFileReference; lastKnownFileType = file.storyboard; name = Base; path = Base.lproj/Main.storyboard; sourceTree = "<group>"; };
		622C5DDB1E88432B0014E38A /* Assets.xcassets */ = {isa = PBXFileReference; lastKnownFileType = folder.assetcatalog; path = Assets.xcassets; sourceTree = "<group>"; };
		622C5DDE1E88432B0014E38A /* Base */ = {isa = PBXFileReference; lastKnownFileType = file.storyboard; name = Base; path = Base.lproj/LaunchScreen.storyboard; sourceTree = "<group>"; };
		622C5DE01E88432B0014E38A /* Info.plist */ = {isa = PBXFileReference; lastKnownFileType = text.plist.xml; path = Info.plist; sourceTree = "<group>"; };
/* End PBXFileReference section */

/* Begin PBXFrameworksBuildPhase section */
		622C5DCE1E88432B0014E38A /* Frameworks */ = {
			isa = PBXFrameworksBuildPhase;
			buildActionMask = 2147483647;
			files = (
			);
			runOnlyForDeploymentPostprocessing = 0;
		};
/* End PBXFrameworksBuildPhase section */

/* Begin PBXGroup section */
		622C5DC81E88432B0014E38A = {
			isa = PBXGroup;
			children = (
				622C5DD31E88432B0014E38A /* MyInstagram */,
				622C5DD21E88432B0014E38A /* Products */,
			);
			sourceTree = "<group>";
		};
		622C5DD21E88432B0014E38A /* Products */ = {
			isa = PBXGroup;
			children = (
				622C5DD11E88432B0014E38A /* MyInstagram.app */,
			);
			name = Products;
			sourceTree = "<group>";
		};
		622C5DD31E88432B0014E38A /* MyInstagram */ = {
			isa = PBXGroup;
			children = (
				622C5DD41E88432B0014E38A /* AppDelegate.swift */,
				622C5DD61E88432B0014E38A /* ViewController.swift */,
				622C5DD81E88432B0014E38A /* Main.storyboard */,
				622C5DDB1E88432B0014E38A /* Assets.xcassets */,
				622C5DDD1E88432B0014E38A /* LaunchScreen.storyboard */,
				622C5DE01E88432B0014E38A /* Info.plist */,
			);
			path = MyInstagram;
			sourceTree = "<group>";
		};
/* End PBXGroup section */

/* Begin PBXNativeTarget section */
		622C5DD01E88432B0014E38A /* MyInstagram */ = {
			isa = PBXNativeTarget;
			buildConfigurationList = 622C5DE31E88432B0014E38A /* Build configuration list for PBXNativeTarget "MyInstagram" */;
			buildPhases = (
				622C5DCD1E88432B0014E38A /* Sources */,
				622C5DCE1E88432B0014E38A /* Frameworks */,
				622C5DCF1E88432B0014E38A /* Resources */,
			);
			buildRules = (
			);
			dependencies = (
			);
			name = MyInstagram;
			productName = MyInstagram;
			productReference = 622C5DD11E88432B0014E38A /* MyInstagram.app */;
			productType = "com.apple.product-type.application";
		};
/* End PBXNativeTarget section */

/* Begin PBXProject section */
		622C5DC91E88432B0014E38A /* Project object */ = {
			isa = PBXProject;
			attributes = {
				LastSwiftUpdateCheck = 0820;
				LastUpgradeCheck = 0820;
				ORGANIZATIONNAME = "Vandan Patel";
				TargetAttributes = {
					622C5DD01E88432B0014E38A = {
						CreatedOnToolsVersion = 8.2.1;
						DevelopmentTeam = 28AQQ73952;
						ProvisioningStyle = Automatic;
					};
				};
			};
			buildConfigurationList = 622C5DCC1E88432B0014E38A /* Build configuration list for PBXProject "MyInstagram" */;
			compatibilityVersion = "Xcode 3.2";
			developmentRegion = English;
			hasScannedForEncodings = 0;
			knownRegions = (
				en,
				Base,
			);
			mainGroup = 622C5DC81E88432B0014E38A;
			productRefGroup = 622C5DD21E88432B0014E38A /* Products */;
			projectDirPath = "";
			projectRoot = "";
			targets = (
				622C5DD01E88432B0014E38A /* MyInstagram */,
			);
		};
/* End PBXProject section */

/* Begin PBXResourcesBuildPhase section */
		622C5DCF1E88432B0014E38A /* Resources */ = {
			isa = PBXResourcesBuildPhase;
			buildActionMask = 2147483647;
			files = (
				622C5DDF1E88432B0014E38A /* LaunchScreen.storyboard in Resources */,
				622C5DDC1E88432B0014E38A /* Assets.xcassets in Resources */,
				622C5DDA1E88432B0014E38A /* Main.storyboard in Resources */,
			);
			runOnlyForDeploymentPostprocessing = 0;
		};
/* End PBXResourcesBuildPhase section */

/* Begin PBXSourcesBuildPhase section */
		622C5DCD1E88432B0014E38A /* Sources */ = {
			isa = PBXSourcesBuildPhase;
			buildActionMask = 2147483647;
			files = (
				622C5DD71E88432B0014E38A /* ViewController.swift in Sources */,
				622C5DD51E88432B0014E38A /* AppDelegate.swift in Sources */,
			);
			runOnlyForDeploymentPostprocessing = 0;
		};
/* End PBXSourcesBuildPhase section */

/* Begin PBXVariantGroup section */
		622C5DD81E88432B0014E38A /* Main.storyboard */ = {
			isa = PBXVariantGroup;
			children = (
				622C5DD91E88432B0014E38A /* Base */,
			);
			name = Main.storyboard;
			sourceTree = "<group>";
		};
		622C5DDD1E88432B0014E38A /* LaunchScreen.storyboard */ = {
			isa = PBXVariantGroup;
			children = (
				622C5DDE1E88432B0014E38A /* Base */,
			);
			name = LaunchScreen.storyboard;
			sourceTree = "<group>";
		};
/* End PBXVariantGroup section */

/* Begin XCBuildConfiguration section */
		622C5DE11E88432B0014E38A /* Debug */ = {
			isa = XCBuildConfiguration;
			buildSettings = {
				ALWAYS_SEARCH_USER_PATHS = NO;
				CLANG_ANALYZER_NONNULL = YES;
				CLANG_CXX_LANGUAGE_STANDARD = "gnu++0x";
				CLANG_CXX_LIBRARY = "libc++";
				CLANG_ENABLE_MODULES = YES;
				CLANG_ENABLE_OBJC_ARC = YES;
				CLANG_WARN_BOOL_CONVERSION = YES;
				CLANG_WARN_CONSTANT_CONVERSION = YES;
				CLANG_WARN_DIRECT_OBJC_ISA_USAGE = YES_ERROR;
				CLANG_WARN_DOCUMENTATION_COMMENTS = YES;
				CLANG_WARN_EMPTY_BODY = YES;
				CLANG_WARN_ENUM_CONVERSION = YES;
				CLANG_WARN_INFINITE_RECURSION = YES;
				CLANG_WARN_INT_CONVERSION = YES;
				CLANG_WARN_OBJC_ROOT_CLASS = YES_ERROR;
				CLANG_WARN_SUSPICIOUS_MOVE = YES;
				CLANG_WARN_UNREACHABLE_CODE = YES;
				CLANG_WARN__DUPLICATE_METHOD_MATCH = YES;
				"CODE_SIGN_IDENTITY[sdk=iphoneos*]" = "iPhone Developer";
				COPY_PHASE_STRIP = NO;
				DEBUG_INFORMATION_FORMAT = dwarf;
				ENABLE_STRICT_OBJC_MSGSEND = YES;
				ENABLE_TESTABILITY = YES;
				GCC_C_LANGUAGE_STANDARD = gnu99;
				GCC_DYNAMIC_NO_PIC = NO;
				GCC_NO_COMMON_BLOCKS = YES;
				GCC_OPTIMIZATION_LEVEL = 0;
				GCC_PREPROCESSOR_DEFINITIONS = (
					"DEBUG=1",
					"$(inherited)",
				);
				GCC_WARN_64_TO_32_BIT_CONVERSION = YES;
				GCC_WARN_ABOUT_RETURN_TYPE = YES_ERROR;
				GCC_WARN_UNDECLARED_SELECTOR = YES;
				GCC_WARN_UNINITIALIZED_AUTOS = YES_AGGRESSIVE;
				GCC_WARN_UNUSED_FUNCTION = YES;
				GCC_WARN_UNUSED_VARIABLE = YES;
				IPHONEOS_DEPLOYMENT_TARGET = 10.2;
				MTL_ENABLE_DEBUG_INFO = YES;
				ONLY_ACTIVE_ARCH = YES;
				SDKROOT = iphoneos;
				SWIFT_ACTIVE_COMPILATION_CONDITIONS = DEBUG;
				SWIFT_OPTIMIZATION_LEVEL = "-Onone";
			};
			name = Debug;
		};
		622C5DE21E88432B0014E38A /* Release */ = {
			isa = XCBuildConfiguration;
			buildSettings = {
				ALWAYS_SEARCH_USER_PATHS = NO;
				CLANG_ANALYZER_NONNULL = YES;
				CLANG_CXX_LANGUAGE_STANDARD = "gnu++0x";
				CLANG_CXX_LIBRARY = "libc++";
				CLANG_ENABLE_MODULES = YES;
				CLANG_ENABLE_OBJC_ARC = YES;
				CLANG_WARN_BOOL_CONVERSION = YES;
				CLANG_WARN_CONSTANT_CONVERSION = YES;
				CLANG_WARN_DIRECT_OBJC_ISA_USAGE = YES_ERROR;
				CLANG_WARN_DOCUMENTATION_COMMENTS = YES;
				CLANG_WARN_EMPTY_BODY = YES;
				CLANG_WARN_ENUM_CONVERSION = YES;
				CLANG_WARN_INFINITE_RECURSION = YES;
				CLANG_WARN_INT_CONVERSION = YES;
				CLANG_WARN_OBJC_ROOT_CLASS = YES_ERROR;
				CLANG_WARN_SUSPICIOUS_MOVE = YES;
				CLANG_WARN_UNREACHABLE_CODE = YES;
				CLANG_WARN__DUPLICATE_METHOD_MATCH = YES;
				"CODE_SIGN_IDENTITY[sdk=iphoneos*]" = "iPhone Developer";
				COPY_PHASE_STRIP = NO;
				DEBUG_INFORMATION_FORMAT = "dwarf-with-dsym";
				ENABLE_NS_ASSERTIONS = NO;
				ENABLE_STRICT_OBJC_MSGSEND = YES;
				GCC_C_LANGUAGE_STANDARD = gnu99;
				GCC_NO_COMMON_BLOCKS = YES;
				GCC_WARN_64_TO_32_BIT_CONVERSION = YES;
				GCC_WARN_ABOUT_RETURN_TYPE = YES_ERROR;
				GCC_WARN_UNDECLARED_SELECTOR = YES;
				GCC_WARN_UNINITIALIZED_AUTOS = YES_AGGRESSIVE;
				GCC_WARN_UNUSED_FUNCTION = YES;
				GCC_WARN_UNUSED_VARIABLE = YES;
				IPHONEOS_DEPLOYMENT_TARGET = 10.2;
				MTL_ENABLE_DEBUG_INFO = NO;
				SDKROOT = iphoneos;
				SWIFT_OPTIMIZATION_LEVEL = "-Owholemodule";
				VALIDATE_PRODUCT = YES;
			};
			name = Release;
		};
		622C5DE41E88432B0014E38A /* Debug */ = {
			isa = XCBuildConfiguration;
			buildSettings = {
				ASSETCATALOG_COMPILER_APPICON_NAME = AppIcon;
				DEVELOPMENT_TEAM = 28AQQ73952;
				INFOPLIST_FILE = MyInstagram/Info.plist;
				LD_RUNPATH_SEARCH_PATHS = "$(inherited) @executable_path/Frameworks";
				PRODUCT_BUNDLE_IDENTIFIER = com.vandanpatel.MyInstagram;
				PRODUCT_NAME = "$(TARGET_NAME)";
				SWIFT_VERSION = 3.0;
			};
			name = Debug;
		};
		622C5DE51E88432B0014E38A /* Release */ = {
			isa = XCBuildConfiguration;
			buildSettings = {
				ASSETCATALOG_COMPILER_APPICON_NAME = AppIcon;
				DEVELOPMENT_TEAM = 28AQQ73952;
				INFOPLIST_FILE = MyInstagram/Info.plist;
				LD_RUNPATH_SEARCH_PATHS = "$(inherited) @executable_path/Frameworks";
				PRODUCT_BUNDLE_IDENTIFIER = com.vandanpatel.MyInstagram;
				PRODUCT_NAME = "$(TARGET_NAME)";
				SWIFT_VERSION = 3.0;
			};
			name = Release;
		};
/* End XCBuildConfiguration section */

/* Begin XCConfigurationList section */
		622C5DCC1E88432B0014E38A /* Build configuration list for PBXProject "MyInstagram" */ = {
			isa = XCConfigurationList;
			buildConfigurations = (
				622C5DE11E88432B0014E38A /* Debug */,
				622C5DE21E88432B0014E38A /* Release */,
			);
			defaultConfigurationIsVisible = 0;
			defaultConfigurationName = Release;
		};
		622C5DE31E88432B0014E38A /* Build configuration list for PBXNativeTarget "MyInstagram" */ = {
			isa = XCConfigurationList;
			buildConfigurations = (
				622C5DE41E88432B0014E38A /* Debug */,
				622C5DE51E88432B0014E38A /* Release */,
			);
			defaultConfigurationIsVisible = 0;
		};
/* End XCConfigurationList section */
	};
	rootObject = 622C5DC91E88432B0014E38A /* Project object */;
}
